// !$*UTF8*$!
{
	archiveVersion = 1;
	classes = {
	};
	objectVersion = 51;
	objects = {

/* Begin PBXBuildFile section */
		2223D5B0242E7D8200158FEB /* HomeViewModel.swift in Sources */ = {isa = PBXBuildFile; fileRef = 2223D5AF242E7D8200158FEB /* HomeViewModel.swift */; };
		2223D5B1242E7D8200158FEB /* HomeViewModel.swift in Sources */ = {isa = PBXBuildFile; fileRef = 2223D5AF242E7D8200158FEB /* HomeViewModel.swift */; };
		229F5869243262C200BAADE4 /* GoogleService-Info.plist in Resources */ = {isa = PBXBuildFile; fileRef = 229F5868243262C100BAADE4 /* GoogleService-Info.plist */; };
		22ECB737242A855C003A9317 /* AppDelegate.swift in Sources */ = {isa = PBXBuildFile; fileRef = 22ECB736242A855C003A9317 /* AppDelegate.swift */; };
		22ECB739242A855C003A9317 /* SceneDelegate.swift in Sources */ = {isa = PBXBuildFile; fileRef = 22ECB738242A855C003A9317 /* SceneDelegate.swift */; };
		22ECB73B242A855C003A9317 /* HomeVC.swift in Sources */ = {isa = PBXBuildFile; fileRef = 22ECB73A242A855C003A9317 /* HomeVC.swift */; };
		22ECB73E242A855C003A9317 /* Main.storyboard in Resources */ = {isa = PBXBuildFile; fileRef = 22ECB73C242A855C003A9317 /* Main.storyboard */; };
		22ECB740242A855F003A9317 /* Assets.xcassets in Resources */ = {isa = PBXBuildFile; fileRef = 22ECB73F242A855F003A9317 /* Assets.xcassets */; };
		22ECB743242A855F003A9317 /* LaunchScreen.storyboard in Resources */ = {isa = PBXBuildFile; fileRef = 22ECB741242A855F003A9317 /* LaunchScreen.storyboard */; };
		22ECB74E242A8560003A9317 /* ch00nTests.swift in Sources */ = {isa = PBXBuildFile; fileRef = 22ECB74D242A8560003A9317 /* ch00nTests.swift */; };
		4B0970D4DEE69861E4AE6FAA /* Pods_ch00nTests.framework in Frameworks */ = {isa = PBXBuildFile; fileRef = 977351524BF2322665C27DCD /* Pods_ch00nTests.framework */; };
		509F520B45961DDE35B6AC7F /* Pods_ch00n.framework in Frameworks */ = {isa = PBXBuildFile; fileRef = 50E85D6D155A0B0E9E81B68C /* Pods_ch00n.framework */; };
		FA3DE74F243CF99E00296FCA /* HttpUtility.swift in Sources */ = {isa = PBXBuildFile; fileRef = FA3DE74E243CF99E00296FCA /* HttpUtility.swift */; };
		FA3DE751243CFACF00296FCA /* RegisterResource.swift in Sources */ = {isa = PBXBuildFile; fileRef = FA3DE750243CFACF00296FCA /* RegisterResource.swift */; };
		FA3F6A74243A5655005C3C6B /* RegisterVC.swift in Sources */ = {isa = PBXBuildFile; fileRef = FA3F6A73243A5655005C3C6B /* RegisterVC.swift */; };
		FA3F6A77243A5D5F005C3C6B /* Utilities.swift in Sources */ = {isa = PBXBuildFile; fileRef = FA3F6A76243A5D5F005C3C6B /* Utilities.swift */; };
		FA3F6A79243A6DA9005C3C6B /* LoginVC.swift in Sources */ = {isa = PBXBuildFile; fileRef = FA3F6A78243A6DA9005C3C6B /* LoginVC.swift */; };
		FA3F6A7B243A6F12005C3C6B /* GlobalConstant.swift in Sources */ = {isa = PBXBuildFile; fileRef = FA3F6A7A243A6F12005C3C6B /* GlobalConstant.swift */; };
		FA403E182454BE1100ED5309 /* DownloadUsers.swift in Sources */ = {isa = PBXBuildFile; fileRef = FA403E172454BE1100ED5309 /* DownloadUsers.swift */; };
		FA40613D2436538400F8A1FE /* UserModel.swift in Sources */ = {isa = PBXBuildFile; fileRef = FA40613C2436538400F8A1FE /* UserModel.swift */; };
		FA420981242E765E00875B83 /* PlayMusicVC.swift in Sources */ = {isa = PBXBuildFile; fileRef = FA420980242E765E00875B83 /* PlayMusicVC.swift */; };
		FA420C2F244E14BA0038EC49 /* Home.storyboard in Resources */ = {isa = PBXBuildFile; fileRef = FA420C2E244E14BA0038EC49 /* Home.storyboard */; };
		FA420C33244E18E00038EC49 /* MapVC.swift in Sources */ = {isa = PBXBuildFile; fileRef = FA420C32244E18E00038EC49 /* MapVC.swift */; };
		FA420C38244E25FA0038EC49 /* CustomTabBarView.xib in Resources */ = {isa = PBXBuildFile; fileRef = FA420C35244E25FA0038EC49 /* CustomTabBarView.xib */; };
		FA420C39244E25FA0038EC49 /* CustomTabBarView.swift in Sources */ = {isa = PBXBuildFile; fileRef = FA420C36244E25FA0038EC49 /* CustomTabBarView.swift */; };
		FA420C3A244E25FA0038EC49 /* CustomTabBarController.swift in Sources */ = {isa = PBXBuildFile; fileRef = FA420C37244E25FA0038EC49 /* CustomTabBarController.swift */; };
		FA420C3C244E29400038EC49 /* LiveStreaming.storyboard in Resources */ = {isa = PBXBuildFile; fileRef = FA420C3B244E29400038EC49 /* LiveStreaming.storyboard */; };
		FA420C3E244E29710038EC49 /* Notification.storyboard in Resources */ = {isa = PBXBuildFile; fileRef = FA420C3D244E29710038EC49 /* Notification.storyboard */; };
		FA420C40244E297F0038EC49 /* Setting.storyboard in Resources */ = {isa = PBXBuildFile; fileRef = FA420C3F244E297F0038EC49 /* Setting.storyboard */; };
		FA420C43244E29D00038EC49 /* LiveStreamVC.swift in Sources */ = {isa = PBXBuildFile; fileRef = FA420C42244E29D00038EC49 /* LiveStreamVC.swift */; };
		FA420C46244E29EF0038EC49 /* NotificationVC.swift in Sources */ = {isa = PBXBuildFile; fileRef = FA420C45244E29EF0038EC49 /* NotificationVC.swift */; };
		FA420C49244E2A0E0038EC49 /* SettingVC.swift in Sources */ = {isa = PBXBuildFile; fileRef = FA420C48244E2A0E0038EC49 /* SettingVC.swift */; };
		FA43B522243BAF30007F8732 /* LoginVM.swift in Sources */ = {isa = PBXBuildFile; fileRef = FA43B521243BAF30007F8732 /* LoginVM.swift */; };
		FA43B526243BB939007F8732 /* AppModel.swift in Sources */ = {isa = PBXBuildFile; fileRef = FA43B525243BB939007F8732 /* AppModel.swift */; };
		FA463274242B421C00476141 /* AVFoundation.framework in Frameworks */ = {isa = PBXBuildFile; fileRef = FA463273242B421C00476141 /* AVFoundation.framework */; };
		FA463279242BBDCC00476141 /* AudioProtocol.swift in Sources */ = {isa = PBXBuildFile; fileRef = FA463278242BBDCC00476141 /* AudioProtocol.swift */; };
/* End PBXBuildFile section */

/* Begin PBXContainerItemProxy section */
		22ECB74A242A8560003A9317 /* PBXContainerItemProxy */ = {
			isa = PBXContainerItemProxy;
			containerPortal = 22ECB72B242A855C003A9317 /* Project object */;
			proxyType = 1;
			remoteGlobalIDString = 22ECB732242A855C003A9317;
			remoteInfo = ch00n;
		};
/* End PBXContainerItemProxy section */

/* Begin PBXFileReference section */
		2223D5AF242E7D8200158FEB /* HomeViewModel.swift */ = {isa = PBXFileReference; lastKnownFileType = sourcecode.swift; path = HomeViewModel.swift; sourceTree = "<group>"; };
		229F5868243262C100BAADE4 /* GoogleService-Info.plist */ = {isa = PBXFileReference; fileEncoding = 4; lastKnownFileType = text.plist.xml; path = "GoogleService-Info.plist"; sourceTree = "<group>"; };
		22ECB733242A855C003A9317 /* ch00n.app */ = {isa = PBXFileReference; explicitFileType = wrapper.application; includeInIndex = 0; path = ch00n.app; sourceTree = BUILT_PRODUCTS_DIR; };
		22ECB736242A855C003A9317 /* AppDelegate.swift */ = {isa = PBXFileReference; lastKnownFileType = sourcecode.swift; path = AppDelegate.swift; sourceTree = "<group>"; };
		22ECB738242A855C003A9317 /* SceneDelegate.swift */ = {isa = PBXFileReference; lastKnownFileType = sourcecode.swift; path = SceneDelegate.swift; sourceTree = "<group>"; };
		22ECB73A242A855C003A9317 /* HomeVC.swift */ = {isa = PBXFileReference; lastKnownFileType = sourcecode.swift; path = HomeVC.swift; sourceTree = "<group>"; };
		22ECB73D242A855C003A9317 /* Base */ = {isa = PBXFileReference; lastKnownFileType = file.storyboard; name = Base; path = Base.lproj/Main.storyboard; sourceTree = "<group>"; };
		22ECB73F242A855F003A9317 /* Assets.xcassets */ = {isa = PBXFileReference; lastKnownFileType = folder.assetcatalog; path = Assets.xcassets; sourceTree = "<group>"; };
		22ECB742242A855F003A9317 /* Base */ = {isa = PBXFileReference; lastKnownFileType = file.storyboard; name = Base; path = Base.lproj/LaunchScreen.storyboard; sourceTree = "<group>"; };
		22ECB744242A855F003A9317 /* Info.plist */ = {isa = PBXFileReference; lastKnownFileType = text.plist.xml; path = Info.plist; sourceTree = "<group>"; };
		22ECB749242A8560003A9317 /* ch00nTests.xctest */ = {isa = PBXFileReference; explicitFileType = wrapper.cfbundle; includeInIndex = 0; path = ch00nTests.xctest; sourceTree = BUILT_PRODUCTS_DIR; };
		22ECB74D242A8560003A9317 /* ch00nTests.swift */ = {isa = PBXFileReference; lastKnownFileType = sourcecode.swift; path = ch00nTests.swift; sourceTree = "<group>"; };
		22ECB74F242A8560003A9317 /* Info.plist */ = {isa = PBXFileReference; lastKnownFileType = text.plist.xml; path = Info.plist; sourceTree = "<group>"; };
		50E85D6D155A0B0E9E81B68C /* Pods_ch00n.framework */ = {isa = PBXFileReference; explicitFileType = wrapper.framework; includeInIndex = 0; path = Pods_ch00n.framework; sourceTree = BUILT_PRODUCTS_DIR; };
		7A94A06AD1EE52FD992938FD /* Pods-ch00n.release.xcconfig */ = {isa = PBXFileReference; includeInIndex = 1; lastKnownFileType = text.xcconfig; name = "Pods-ch00n.release.xcconfig"; path = "Target Support Files/Pods-ch00n/Pods-ch00n.release.xcconfig"; sourceTree = "<group>"; };
		977351524BF2322665C27DCD /* Pods_ch00nTests.framework */ = {isa = PBXFileReference; explicitFileType = wrapper.framework; includeInIndex = 0; path = Pods_ch00nTests.framework; sourceTree = BUILT_PRODUCTS_DIR; };
		B1416F9C0DC526E3C86EE81C /* Pods-ch00nTests.debug.xcconfig */ = {isa = PBXFileReference; includeInIndex = 1; lastKnownFileType = text.xcconfig; name = "Pods-ch00nTests.debug.xcconfig"; path = "Target Support Files/Pods-ch00nTests/Pods-ch00nTests.debug.xcconfig"; sourceTree = "<group>"; };
		D3FB7F5CC569F2C726D34514 /* Pods-ch00n.debug.xcconfig */ = {isa = PBXFileReference; includeInIndex = 1; lastKnownFileType = text.xcconfig; name = "Pods-ch00n.debug.xcconfig"; path = "Target Support Files/Pods-ch00n/Pods-ch00n.debug.xcconfig"; sourceTree = "<group>"; };
		FA3DE74E243CF99E00296FCA /* HttpUtility.swift */ = {isa = PBXFileReference; lastKnownFileType = sourcecode.swift; path = HttpUtility.swift; sourceTree = "<group>"; };
		FA3DE750243CFACF00296FCA /* RegisterResource.swift */ = {isa = PBXFileReference; lastKnownFileType = sourcecode.swift; path = RegisterResource.swift; sourceTree = "<group>"; };
		FA3F6A73243A5655005C3C6B /* RegisterVC.swift */ = {isa = PBXFileReference; lastKnownFileType = sourcecode.swift; path = RegisterVC.swift; sourceTree = "<group>"; };
		FA3F6A76243A5D5F005C3C6B /* Utilities.swift */ = {isa = PBXFileReference; lastKnownFileType = sourcecode.swift; path = Utilities.swift; sourceTree = "<group>"; };
		FA3F6A78243A6DA9005C3C6B /* LoginVC.swift */ = {isa = PBXFileReference; lastKnownFileType = sourcecode.swift; path = LoginVC.swift; sourceTree = "<group>"; };
		FA3F6A7A243A6F12005C3C6B /* GlobalConstant.swift */ = {isa = PBXFileReference; lastKnownFileType = sourcecode.swift; path = GlobalConstant.swift; sourceTree = "<group>"; };
		FA403E172454BE1100ED5309 /* DownloadUsers.swift */ = {isa = PBXFileReference; lastKnownFileType = sourcecode.swift; path = DownloadUsers.swift; sourceTree = "<group>"; };
		FA40613C2436538400F8A1FE /* UserModel.swift */ = {isa = PBXFileReference; lastKnownFileType = sourcecode.swift; path = UserModel.swift; sourceTree = "<group>"; };
		FA420980242E765E00875B83 /* PlayMusicVC.swift */ = {isa = PBXFileReference; lastKnownFileType = sourcecode.swift; path = PlayMusicVC.swift; sourceTree = "<group>"; };
		FA420C2E244E14BA0038EC49 /* Home.storyboard */ = {isa = PBXFileReference; lastKnownFileType = file.storyboard; path = Home.storyboard; sourceTree = "<group>"; };
		FA420C32244E18E00038EC49 /* MapVC.swift */ = {isa = PBXFileReference; lastKnownFileType = sourcecode.swift; path = MapVC.swift; sourceTree = "<group>"; };
		FA420C35244E25FA0038EC49 /* CustomTabBarView.xib */ = {isa = PBXFileReference; fileEncoding = 4; lastKnownFileType = file.xib; path = CustomTabBarView.xib; sourceTree = "<group>"; };
		FA420C36244E25FA0038EC49 /* CustomTabBarView.swift */ = {isa = PBXFileReference; fileEncoding = 4; lastKnownFileType = sourcecode.swift; path = CustomTabBarView.swift; sourceTree = "<group>"; };
		FA420C37244E25FA0038EC49 /* CustomTabBarController.swift */ = {isa = PBXFileReference; fileEncoding = 4; lastKnownFileType = sourcecode.swift; path = CustomTabBarController.swift; sourceTree = "<group>"; };
		FA420C3B244E29400038EC49 /* LiveStreaming.storyboard */ = {isa = PBXFileReference; lastKnownFileType = file.storyboard; path = LiveStreaming.storyboard; sourceTree = "<group>"; };
		FA420C3D244E29710038EC49 /* Notification.storyboard */ = {isa = PBXFileReference; lastKnownFileType = file.storyboard; path = Notification.storyboard; sourceTree = "<group>"; };
		FA420C3F244E297F0038EC49 /* Setting.storyboard */ = {isa = PBXFileReference; lastKnownFileType = file.storyboard; path = Setting.storyboard; sourceTree = "<group>"; };
		FA420C42244E29D00038EC49 /* LiveStreamVC.swift */ = {isa = PBXFileReference; lastKnownFileType = sourcecode.swift; path = LiveStreamVC.swift; sourceTree = "<group>"; };
		FA420C45244E29EF0038EC49 /* NotificationVC.swift */ = {isa = PBXFileReference; lastKnownFileType = sourcecode.swift; path = NotificationVC.swift; sourceTree = "<group>"; };
		FA420C48244E2A0E0038EC49 /* SettingVC.swift */ = {isa = PBXFileReference; lastKnownFileType = sourcecode.swift; path = SettingVC.swift; sourceTree = "<group>"; };
		FA43B521243BAF30007F8732 /* LoginVM.swift */ = {isa = PBXFileReference; lastKnownFileType = sourcecode.swift; path = LoginVM.swift; sourceTree = "<group>"; };
		FA43B525243BB939007F8732 /* AppModel.swift */ = {isa = PBXFileReference; lastKnownFileType = sourcecode.swift; path = AppModel.swift; sourceTree = "<group>"; };
		FA463273242B421C00476141 /* AVFoundation.framework */ = {isa = PBXFileReference; lastKnownFileType = wrapper.framework; name = AVFoundation.framework; path = System/Library/Frameworks/AVFoundation.framework; sourceTree = SDKROOT; };
		FA463278242BBDCC00476141 /* AudioProtocol.swift */ = {isa = PBXFileReference; lastKnownFileType = sourcecode.swift; path = AudioProtocol.swift; sourceTree = "<group>"; };
		FE62E77AA227BF902F741B95 /* Pods-ch00nTests.release.xcconfig */ = {isa = PBXFileReference; includeInIndex = 1; lastKnownFileType = text.xcconfig; name = "Pods-ch00nTests.release.xcconfig"; path = "Target Support Files/Pods-ch00nTests/Pods-ch00nTests.release.xcconfig"; sourceTree = "<group>"; };
/* End PBXFileReference section */

/* Begin PBXFrameworksBuildPhase section */
		22ECB730242A855C003A9317 /* Frameworks */ = {
			isa = PBXFrameworksBuildPhase;
			buildActionMask = 2147483647;
			files = (
				FA463274242B421C00476141 /* AVFoundation.framework in Frameworks */,
				509F520B45961DDE35B6AC7F /* Pods_ch00n.framework in Frameworks */,
			);
			runOnlyForDeploymentPostprocessing = 0;
		};
		22ECB746242A8560003A9317 /* Frameworks */ = {
			isa = PBXFrameworksBuildPhase;
			buildActionMask = 2147483647;
			files = (
				4B0970D4DEE69861E4AE6FAA /* Pods_ch00nTests.framework in Frameworks */,
			);
			runOnlyForDeploymentPostprocessing = 0;
		};
/* End PBXFrameworksBuildPhase section */

/* Begin PBXGroup section */
		2223D5AE242E7D6900158FEB /* ViewModel */ = {
			isa = PBXGroup;
			children = (
				2223D5AF242E7D8200158FEB /* HomeViewModel.swift */,
				FA43B521243BAF30007F8732 /* LoginVM.swift */,
			);
			path = ViewModel;
			sourceTree = "<group>";
		};
		22ECB72A242A855C003A9317 = {
			isa = PBXGroup;
			children = (
				22ECB735242A855C003A9317 /* ch00n */,
				22ECB74C242A8560003A9317 /* ch00nTests */,
				22ECB734242A855C003A9317 /* Products */,
				FA463272242B421C00476141 /* Frameworks */,
				286DD5EDD944905BC0221C4A /* Pods */,
			);
			sourceTree = "<group>";
		};
		22ECB734242A855C003A9317 /* Products */ = {
			isa = PBXGroup;
			children = (
				22ECB733242A855C003A9317 /* ch00n.app */,
				22ECB749242A8560003A9317 /* ch00nTests.xctest */,
			);
			name = Products;
			sourceTree = "<group>";
		};
		22ECB735242A855C003A9317 /* ch00n */ = {
			isa = PBXGroup;
			children = (
				FA420C34244E25FA0038EC49 /* Custom Tab Bar */,
				FA3DE74D243CF97000296FCA /* Services */,
				FA43B527243BB9C1007F8732 /* DataResources */,
				FA3F6A75243A5D46005C3C6B /* ProjectHelpers */,
				2223D5AE242E7D6900158FEB /* ViewModel */,
				FA463276242BBC4800476141 /* View */,
				FA463275242BBC3F00476141 /* Model */,
				22ECB73C242A855C003A9317 /* Main.storyboard */,
				FA420C2E244E14BA0038EC49 /* Home.storyboard */,
				FA420C3B244E29400038EC49 /* LiveStreaming.storyboard */,
				FA420C3D244E29710038EC49 /* Notification.storyboard */,
				FA420C3F244E297F0038EC49 /* Setting.storyboard */,
				22ECB736242A855C003A9317 /* AppDelegate.swift */,
				22ECB738242A855C003A9317 /* SceneDelegate.swift */,
				22ECB73F242A855F003A9317 /* Assets.xcassets */,
				22ECB741242A855F003A9317 /* LaunchScreen.storyboard */,
				22ECB744242A855F003A9317 /* Info.plist */,
				229F5868243262C100BAADE4 /* GoogleService-Info.plist */,
			);
			path = ch00n;
			sourceTree = "<group>";
		};
		22ECB74C242A8560003A9317 /* ch00nTests */ = {
			isa = PBXGroup;
			children = (
				22ECB74D242A8560003A9317 /* ch00nTests.swift */,
				22ECB74F242A8560003A9317 /* Info.plist */,
			);
			path = ch00nTests;
			sourceTree = "<group>";
		};
		286DD5EDD944905BC0221C4A /* Pods */ = {
			isa = PBXGroup;
			children = (
				D3FB7F5CC569F2C726D34514 /* Pods-ch00n.debug.xcconfig */,
				7A94A06AD1EE52FD992938FD /* Pods-ch00n.release.xcconfig */,
				B1416F9C0DC526E3C86EE81C /* Pods-ch00nTests.debug.xcconfig */,
				FE62E77AA227BF902F741B95 /* Pods-ch00nTests.release.xcconfig */,
			);
			path = Pods;
			sourceTree = "<group>";
		};
		FA3DE74D243CF97000296FCA /* Services */ = {
			isa = PBXGroup;
			children = (
				FA3DE74E243CF99E00296FCA /* HttpUtility.swift */,
			);
			path = Services;
			sourceTree = "<group>";
		};
		FA3F6A75243A5D46005C3C6B /* ProjectHelpers */ = {
			isa = PBXGroup;
			children = (
				FA3F6A76243A5D5F005C3C6B /* Utilities.swift */,
				FA3F6A7A243A6F12005C3C6B /* GlobalConstant.swift */,
			);
			path = ProjectHelpers;
			sourceTree = "<group>";
		};
		FA420C30244E16B50038EC49 /* MainStoryboard */ = {
			isa = PBXGroup;
			children = (
				22ECB73A242A855C003A9317 /* HomeVC.swift */,
				FA420980242E765E00875B83 /* PlayMusicVC.swift */,
				FA3F6A73243A5655005C3C6B /* RegisterVC.swift */,
				FA3F6A78243A6DA9005C3C6B /* LoginVC.swift */,
			);
			path = MainStoryboard;
			sourceTree = "<group>";
		};
		FA420C31244E16C50038EC49 /* HomeStoryboard */ = {
			isa = PBXGroup;
			children = (
				FA420C32244E18E00038EC49 /* MapVC.swift */,
			);
			path = HomeStoryboard;
			sourceTree = "<group>";
		};
		FA420C34244E25FA0038EC49 /* Custom Tab Bar */ = {
			isa = PBXGroup;
			children = (
				FA420C35244E25FA0038EC49 /* CustomTabBarView.xib */,
				FA420C36244E25FA0038EC49 /* CustomTabBarView.swift */,
				FA420C37244E25FA0038EC49 /* CustomTabBarController.swift */,
			);
			path = "Custom Tab Bar";
			sourceTree = "<group>";
		};
		FA420C41244E29AC0038EC49 /* LiveStreamStoryboard */ = {
			isa = PBXGroup;
			children = (
				FA420C42244E29D00038EC49 /* LiveStreamVC.swift */,
			);
			path = LiveStreamStoryboard;
			sourceTree = "<group>";
		};
		FA420C44244E29D50038EC49 /* NotificationStoryBoard */ = {
			isa = PBXGroup;
			children = (
				FA420C45244E29EF0038EC49 /* NotificationVC.swift */,
			);
			path = NotificationStoryBoard;
			sourceTree = "<group>";
		};
		FA420C47244E29F50038EC49 /* SettingStoryboard */ = {
			isa = PBXGroup;
			children = (
				FA420C48244E2A0E0038EC49 /* SettingVC.swift */,
			);
			path = SettingStoryboard;
			sourceTree = "<group>";
		};
		FA43B527243BB9C1007F8732 /* DataResources */ = {
			isa = PBXGroup;
			children = (
				FA3DE750243CFACF00296FCA /* RegisterResource.swift */,
			);
			path = DataResources;
			sourceTree = "<group>";
		};
		FA463272242B421C00476141 /* Frameworks */ = {
			isa = PBXGroup;
			children = (
				FA463273242B421C00476141 /* AVFoundation.framework */,
				50E85D6D155A0B0E9E81B68C /* Pods_ch00n.framework */,
				977351524BF2322665C27DCD /* Pods_ch00nTests.framework */,
			);
			name = Frameworks;
			sourceTree = "<group>";
		};
		FA463275242BBC3F00476141 /* Model */ = {
			isa = PBXGroup;
			children = (
				FA43B525243BB939007F8732 /* AppModel.swift */,
				FA463278242BBDCC00476141 /* AudioProtocol.swift */,
				FA40613C2436538400F8A1FE /* UserModel.swift */,
				FA403E172454BE1100ED5309 /* DownloadUsers.swift */,
			);
			path = Model;
			sourceTree = "<group>";
		};
		FA463276242BBC4800476141 /* View */ = {
			isa = PBXGroup;
			children = (
				FA420C47244E29F50038EC49 /* SettingStoryboard */,
				FA420C44244E29D50038EC49 /* NotificationStoryBoard */,
				FA420C41244E29AC0038EC49 /* LiveStreamStoryboard */,
				FA420C31244E16C50038EC49 /* HomeStoryboard */,
				FA420C30244E16B50038EC49 /* MainStoryboard */,
			);
			path = View;
			sourceTree = "<group>";
		};
/* End PBXGroup section */

/* Begin PBXNativeTarget section */
		22ECB732242A855C003A9317 /* ch00n */ = {
			isa = PBXNativeTarget;
			buildConfigurationList = 22ECB752242A8560003A9317 /* Build configuration list for PBXNativeTarget "ch00n" */;
			buildPhases = (
				83F27ED914A95F837E6270C1 /* [CP] Check Pods Manifest.lock */,
				22ECB72F242A855C003A9317 /* Sources */,
				22ECB730242A855C003A9317 /* Frameworks */,
				22ECB731242A855C003A9317 /* Resources */,
				36B6AFB66D1B334E57CD77F5 /* [CP] Embed Pods Frameworks */,
			);
			buildRules = (
			);
			dependencies = (
			);
			name = ch00n;
			productName = ch00n;
			productReference = 22ECB733242A855C003A9317 /* ch00n.app */;
			productType = "com.apple.product-type.application";
		};
		22ECB748242A8560003A9317 /* ch00nTests */ = {
			isa = PBXNativeTarget;
			buildConfigurationList = 22ECB755242A8560003A9317 /* Build configuration list for PBXNativeTarget "ch00nTests" */;
			buildPhases = (
				41A679E4D0EA02BA366D1CE1 /* [CP] Check Pods Manifest.lock */,
				22ECB745242A8560003A9317 /* Sources */,
				22ECB746242A8560003A9317 /* Frameworks */,
				22ECB747242A8560003A9317 /* Resources */,
			);
			buildRules = (
			);
			dependencies = (
				22ECB74B242A8560003A9317 /* PBXTargetDependency */,
			);
			name = ch00nTests;
			productName = ch00nTests;
			productReference = 22ECB749242A8560003A9317 /* ch00nTests.xctest */;
			productType = "com.apple.product-type.bundle.unit-test";
		};
/* End PBXNativeTarget section */

/* Begin PBXProject section */
		22ECB72B242A855C003A9317 /* Project object */ = {
			isa = PBXProject;
			attributes = {
				LastSwiftUpdateCheck = 1130;
				LastUpgradeCheck = 1130;
				ORGANIZATIONNAME = "Accessed Denied";
				TargetAttributes = {
					22ECB732242A855C003A9317 = {
						CreatedOnToolsVersion = 11.3.1;
					};
					22ECB748242A8560003A9317 = {
						CreatedOnToolsVersion = 11.3.1;
						TestTargetID = 22ECB732242A855C003A9317;
					};
				};
			};
			buildConfigurationList = 22ECB72E242A855C003A9317 /* Build configuration list for PBXProject "ch00n" */;
			compatibilityVersion = "Xcode 9.3";
			developmentRegion = en;
			hasScannedForEncodings = 0;
			knownRegions = (
				en,
				Base,
			);
			mainGroup = 22ECB72A242A855C003A9317;
			productRefGroup = 22ECB734242A855C003A9317 /* Products */;
			projectDirPath = "";
			projectRoot = "";
			targets = (
				22ECB732242A855C003A9317 /* ch00n */,
				22ECB748242A8560003A9317 /* ch00nTests */,
			);
		};
/* End PBXProject section */

/* Begin PBXResourcesBuildPhase section */
		22ECB731242A855C003A9317 /* Resources */ = {
			isa = PBXResourcesBuildPhase;
			buildActionMask = 2147483647;
			files = (
				22ECB743242A855F003A9317 /* LaunchScreen.storyboard in Resources */,
				FA420C2F244E14BA0038EC49 /* Home.storyboard in Resources */,
				22ECB740242A855F003A9317 /* Assets.xcassets in Resources */,
				22ECB73E242A855C003A9317 /* Main.storyboard in Resources */,
				229F5869243262C200BAADE4 /* GoogleService-Info.plist in Resources */,
				FA420C40244E297F0038EC49 /* Setting.storyboard in Resources */,
				FA420C3E244E29710038EC49 /* Notification.storyboard in Resources */,
				FA420C38244E25FA0038EC49 /* CustomTabBarView.xib in Resources */,
				FA420C3C244E29400038EC49 /* LiveStreaming.storyboard in Resources */,
			);
			runOnlyForDeploymentPostprocessing = 0;
		};
		22ECB747242A8560003A9317 /* Resources */ = {
			isa = PBXResourcesBuildPhase;
			buildActionMask = 2147483647;
			files = (
			);
			runOnlyForDeploymentPostprocessing = 0;
		};
/* End PBXResourcesBuildPhase section */

/* Begin PBXShellScriptBuildPhase section */
		36B6AFB66D1B334E57CD77F5 /* [CP] Embed Pods Frameworks */ = {
			isa = PBXShellScriptBuildPhase;
			buildActionMask = 2147483647;
			files = (
			);
			inputFileListPaths = (
				"${PODS_ROOT}/Target Support Files/Pods-ch00n/Pods-ch00n-frameworks-${CONFIGURATION}-input-files.xcfilelist",
			);
			name = "[CP] Embed Pods Frameworks";
			outputFileListPaths = (
				"${PODS_ROOT}/Target Support Files/Pods-ch00n/Pods-ch00n-frameworks-${CONFIGURATION}-output-files.xcfilelist",
			);
			runOnlyForDeploymentPostprocessing = 0;
			shellPath = /bin/sh;
			shellScript = "\"${PODS_ROOT}/Target Support Files/Pods-ch00n/Pods-ch00n-frameworks.sh\"\n";
			showEnvVarsInLog = 0;
		};
		41A679E4D0EA02BA366D1CE1 /* [CP] Check Pods Manifest.lock */ = {
			isa = PBXShellScriptBuildPhase;
			buildActionMask = 2147483647;
			files = (
			);
			inputFileListPaths = (
			);
			inputPaths = (
				"${PODS_PODFILE_DIR_PATH}/Podfile.lock",
				"${PODS_ROOT}/Manifest.lock",
			);
			name = "[CP] Check Pods Manifest.lock";
			outputFileListPaths = (
			);
			outputPaths = (
				"$(DERIVED_FILE_DIR)/Pods-ch00nTests-checkManifestLockResult.txt",
			);
			runOnlyForDeploymentPostprocessing = 0;
			shellPath = /bin/sh;
			shellScript = "diff \"${PODS_PODFILE_DIR_PATH}/Podfile.lock\" \"${PODS_ROOT}/Manifest.lock\" > /dev/null\nif [ $? != 0 ] ; then\n    # print error to STDERR\n    echo \"error: The sandbox is not in sync with the Podfile.lock. Run 'pod install' or update your CocoaPods installation.\" >&2\n    exit 1\nfi\n# This output is used by Xcode 'outputs' to avoid re-running this script phase.\necho \"SUCCESS\" > \"${SCRIPT_OUTPUT_FILE_0}\"\n";
			showEnvVarsInLog = 0;
		};
		83F27ED914A95F837E6270C1 /* [CP] Check Pods Manifest.lock */ = {
			isa = PBXShellScriptBuildPhase;
			buildActionMask = 2147483647;
			files = (
			);
			inputFileListPaths = (
			);
			inputPaths = (
				"${PODS_PODFILE_DIR_PATH}/Podfile.lock",
				"${PODS_ROOT}/Manifest.lock",
			);
			name = "[CP] Check Pods Manifest.lock";
			outputFileListPaths = (
			);
			outputPaths = (
				"$(DERIVED_FILE_DIR)/Pods-ch00n-checkManifestLockResult.txt",
			);
			runOnlyForDeploymentPostprocessing = 0;
			shellPath = /bin/sh;
			shellScript = "diff \"${PODS_PODFILE_DIR_PATH}/Podfile.lock\" \"${PODS_ROOT}/Manifest.lock\" > /dev/null\nif [ $? != 0 ] ; then\n    # print error to STDERR\n    echo \"error: The sandbox is not in sync with the Podfile.lock. Run 'pod install' or update your CocoaPods installation.\" >&2\n    exit 1\nfi\n# This output is used by Xcode 'outputs' to avoid re-running this script phase.\necho \"SUCCESS\" > \"${SCRIPT_OUTPUT_FILE_0}\"\n";
			showEnvVarsInLog = 0;
		};
/* End PBXShellScriptBuildPhase section */

/* Begin PBXSourcesBuildPhase section */
		22ECB72F242A855C003A9317 /* Sources */ = {
			isa = PBXSourcesBuildPhase;
			buildActionMask = 2147483647;
			files = (
				22ECB73B242A855C003A9317 /* HomeVC.swift in Sources */,
				FA420C49244E2A0E0038EC49 /* SettingVC.swift in Sources */,
				FA40613D2436538400F8A1FE /* UserModel.swift in Sources */,
				2223D5B0242E7D8200158FEB /* HomeViewModel.swift in Sources */,
				FA420981242E765E00875B83 /* PlayMusicVC.swift in Sources */,
				FA420C39244E25FA0038EC49 /* CustomTabBarView.swift in Sources */,
				FA3DE74F243CF99E00296FCA /* HttpUtility.swift in Sources */,
				FA3F6A79243A6DA9005C3C6B /* LoginVC.swift in Sources */,
				FA3DE751243CFACF00296FCA /* RegisterResource.swift in Sources */,
				FA420C43244E29D00038EC49 /* LiveStreamVC.swift in Sources */,
				FA420C3A244E25FA0038EC49 /* CustomTabBarController.swift in Sources */,
				FA3F6A7B243A6F12005C3C6B /* GlobalConstant.swift in Sources */,
				FA403E182454BE1100ED5309 /* DownloadUsers.swift in Sources */,
				FA420C46244E29EF0038EC49 /* NotificationVC.swift in Sources */,
				FA43B526243BB939007F8732 /* AppModel.swift in Sources */,
				22ECB737242A855C003A9317 /* AppDelegate.swift in Sources */,
				FA3F6A74243A5655005C3C6B /* RegisterVC.swift in Sources */,
				FA463279242BBDCC00476141 /* AudioProtocol.swift in Sources */,
				FA3F6A77243A5D5F005C3C6B /* Utilities.swift in Sources */,
				FA420C33244E18E00038EC49 /* MapVC.swift in Sources */,
				22ECB739242A855C003A9317 /* SceneDelegate.swift in Sources */,
				FA43B522243BAF30007F8732 /* LoginVM.swift in Sources */,
			);
			runOnlyForDeploymentPostprocessing = 0;
		};
		22ECB745242A8560003A9317 /* Sources */ = {
			isa = PBXSourcesBuildPhase;
			buildActionMask = 2147483647;
			files = (
				22ECB74E242A8560003A9317 /* ch00nTests.swift in Sources */,
				2223D5B1242E7D8200158FEB /* HomeViewModel.swift in Sources */,
			);
			runOnlyForDeploymentPostprocessing = 0;
		};
/* End PBXSourcesBuildPhase section */

/* Begin PBXTargetDependency section */
		22ECB74B242A8560003A9317 /* PBXTargetDependency */ = {
			isa = PBXTargetDependency;
			target = 22ECB732242A855C003A9317 /* ch00n */;
			targetProxy = 22ECB74A242A8560003A9317 /* PBXContainerItemProxy */;
		};
/* End PBXTargetDependency section */

/* Begin PBXVariantGroup section */
		22ECB73C242A855C003A9317 /* Main.storyboard */ = {
			isa = PBXVariantGroup;
			children = (
				22ECB73D242A855C003A9317 /* Base */,
			);
			name = Main.storyboard;
			sourceTree = "<group>";
		};
		22ECB741242A855F003A9317 /* LaunchScreen.storyboard */ = {
			isa = PBXVariantGroup;
			children = (
				22ECB742242A855F003A9317 /* Base */,
			);
			name = LaunchScreen.storyboard;
			sourceTree = "<group>";
		};
/* End PBXVariantGroup section */

/* Begin XCBuildConfiguration section */
		22ECB750242A8560003A9317 /* Debug */ = {
			isa = XCBuildConfiguration;
			buildSettings = {
				ALWAYS_SEARCH_USER_PATHS = NO;
				CLANG_ANALYZER_NONNULL = YES;
				CLANG_ANALYZER_NUMBER_OBJECT_CONVERSION = YES_AGGRESSIVE;
				CLANG_CXX_LANGUAGE_STANDARD = "gnu++14";
				CLANG_CXX_LIBRARY = "libc++";
				CLANG_ENABLE_MODULES = YES;
				CLANG_ENABLE_OBJC_ARC = YES;
				CLANG_ENABLE_OBJC_WEAK = YES;
				CLANG_WARN_BLOCK_CAPTURE_AUTORELEASING = YES;
				CLANG_WARN_BOOL_CONVERSION = YES;
				CLANG_WARN_COMMA = YES;
				CLANG_WARN_CONSTANT_CONVERSION = YES;
				CLANG_WARN_DEPRECATED_OBJC_IMPLEMENTATIONS = YES;
				CLANG_WARN_DIRECT_OBJC_ISA_USAGE = YES_ERROR;
				CLANG_WARN_DOCUMENTATION_COMMENTS = YES;
				CLANG_WARN_EMPTY_BODY = YES;
				CLANG_WARN_ENUM_CONVERSION = YES;
				CLANG_WARN_INFINITE_RECURSION = YES;
				CLANG_WARN_INT_CONVERSION = YES;
				CLANG_WARN_NON_LITERAL_NULL_CONVERSION = YES;
				CLANG_WARN_OBJC_IMPLICIT_RETAIN_SELF = YES;
				CLANG_WARN_OBJC_LITERAL_CONVERSION = YES;
				CLANG_WARN_OBJC_ROOT_CLASS = YES_ERROR;
				CLANG_WARN_RANGE_LOOP_ANALYSIS = YES;
				CLANG_WARN_STRICT_PROTOTYPES = YES;
				CLANG_WARN_SUSPICIOUS_MOVE = YES;
				CLANG_WARN_UNGUARDED_AVAILABILITY = YES_AGGRESSIVE;
				CLANG_WARN_UNREACHABLE_CODE = YES;
				CLANG_WARN__DUPLICATE_METHOD_MATCH = YES;
				COPY_PHASE_STRIP = NO;
				DEBUG_INFORMATION_FORMAT = dwarf;
				ENABLE_STRICT_OBJC_MSGSEND = YES;
				ENABLE_TESTABILITY = YES;
				GCC_C_LANGUAGE_STANDARD = gnu11;
				GCC_DYNAMIC_NO_PIC = NO;
				GCC_NO_COMMON_BLOCKS = YES;
				GCC_OPTIMIZATION_LEVEL = 0;
				GCC_PREPROCESSOR_DEFINITIONS = (
					"DEBUG=1",
					"$(inherited)",
				);
				GCC_WARN_64_TO_32_BIT_CONVERSION = YES;
				GCC_WARN_ABOUT_RETURN_TYPE = YES_ERROR;
				GCC_WARN_UNDECLARED_SELECTOR = YES;
				GCC_WARN_UNINITIALIZED_AUTOS = YES_AGGRESSIVE;
				GCC_WARN_UNUSED_FUNCTION = YES;
				GCC_WARN_UNUSED_VARIABLE = YES;
				IPHONEOS_DEPLOYMENT_TARGET = 13.2;
				MTL_ENABLE_DEBUG_INFO = INCLUDE_SOURCE;
				MTL_FAST_MATH = YES;
				ONLY_ACTIVE_ARCH = YES;
				SDKROOT = iphoneos;
				SWIFT_ACTIVE_COMPILATION_CONDITIONS = DEBUG;
				SWIFT_OPTIMIZATION_LEVEL = "-Onone";
			};
			name = Debug;
		};
		22ECB751242A8560003A9317 /* Release */ = {
			isa = XCBuildConfiguration;
			buildSettings = {
				ALWAYS_SEARCH_USER_PATHS = NO;
				CLANG_ANALYZER_NONNULL = YES;
				CLANG_ANALYZER_NUMBER_OBJECT_CONVERSION = YES_AGGRESSIVE;
				CLANG_CXX_LANGUAGE_STANDARD = "gnu++14";
				CLANG_CXX_LIBRARY = "libc++";
				CLANG_ENABLE_MODULES = YES;
				CLANG_ENABLE_OBJC_ARC = YES;
				CLANG_ENABLE_OBJC_WEAK = YES;
				CLANG_WARN_BLOCK_CAPTURE_AUTORELEASING = YES;
				CLANG_WARN_BOOL_CONVERSION = YES;
				CLANG_WARN_COMMA = YES;
				CLANG_WARN_CONSTANT_CONVERSION = YES;
				CLANG_WARN_DEPRECATED_OBJC_IMPLEMENTATIONS = YES;
				CLANG_WARN_DIRECT_OBJC_ISA_USAGE = YES_ERROR;
				CLANG_WARN_DOCUMENTATION_COMMENTS = YES;
				CLANG_WARN_EMPTY_BODY = YES;
				CLANG_WARN_ENUM_CONVERSION = YES;
				CLANG_WARN_INFINITE_RECURSION = YES;
				CLANG_WARN_INT_CONVERSION = YES;
				CLANG_WARN_NON_LITERAL_NULL_CONVERSION = YES;
				CLANG_WARN_OBJC_IMPLICIT_RETAIN_SELF = YES;
				CLANG_WARN_OBJC_LITERAL_CONVERSION = YES;
				CLANG_WARN_OBJC_ROOT_CLASS = YES_ERROR;
				CLANG_WARN_RANGE_LOOP_ANALYSIS = YES;
				CLANG_WARN_STRICT_PROTOTYPES = YES;
				CLANG_WARN_SUSPICIOUS_MOVE = YES;
				CLANG_WARN_UNGUARDED_AVAILABILITY = YES_AGGRESSIVE;
				CLANG_WARN_UNREACHABLE_CODE = YES;
				CLANG_WARN__DUPLICATE_METHOD_MATCH = YES;
				COPY_PHASE_STRIP = NO;
				DEBUG_INFORMATION_FORMAT = "dwarf-with-dsym";
				ENABLE_NS_ASSERTIONS = NO;
				ENABLE_STRICT_OBJC_MSGSEND = YES;
				GCC_C_LANGUAGE_STANDARD = gnu11;
				GCC_NO_COMMON_BLOCKS = YES;
				GCC_WARN_64_TO_32_BIT_CONVERSION = YES;
				GCC_WARN_ABOUT_RETURN_TYPE = YES_ERROR;
				GCC_WARN_UNDECLARED_SELECTOR = YES;
				GCC_WARN_UNINITIALIZED_AUTOS = YES_AGGRESSIVE;
				GCC_WARN_UNUSED_FUNCTION = YES;
				GCC_WARN_UNUSED_VARIABLE = YES;
				IPHONEOS_DEPLOYMENT_TARGET = 13.2;
				MTL_ENABLE_DEBUG_INFO = NO;
				MTL_FAST_MATH = YES;
				SDKROOT = iphoneos;
				SWIFT_COMPILATION_MODE = wholemodule;
				SWIFT_OPTIMIZATION_LEVEL = "-O";
				VALIDATE_PRODUCT = YES;
			};
			name = Release;
		};
		22ECB753242A8560003A9317 /* Debug */ = {
			isa = XCBuildConfiguration;
			baseConfigurationReference = D3FB7F5CC569F2C726D34514 /* Pods-ch00n.debug.xcconfig */;
			buildSettings = {
				ASSETCATALOG_COMPILER_APPICON_NAME = AppIcon;
				CODE_SIGN_STYLE = Automatic;
				DEVELOPMENT_TEAM = 6Q233F3ZPX;
				INFOPLIST_FILE = ch00n/Info.plist;
				IPHONEOS_DEPLOYMENT_TARGET = 11.2;
				LD_RUNPATH_SEARCH_PATHS = (
					"$(inherited)",
					"@executable_path/Frameworks",
				);
				PRODUCT_BUNDLE_IDENTIFIER = com.app.ch00n;
				PRODUCT_NAME = "$(TARGET_NAME)";
				SWIFT_VERSION = 5.0;
				TARGETED_DEVICE_FAMILY = "1,2";
			};
			name = Debug;
		};
		22ECB754242A8560003A9317 /* Release */ = {
			isa = XCBuildConfiguration;
			baseConfigurationReference = 7A94A06AD1EE52FD992938FD /* Pods-ch00n.release.xcconfig */;
			buildSettings = {
				ASSETCATALOG_COMPILER_APPICON_NAME = AppIcon;
				CODE_SIGN_STYLE = Automatic;
				DEVELOPMENT_TEAM = 6Q233F3ZPX;
				INFOPLIST_FILE = ch00n/Info.plist;
				IPHONEOS_DEPLOYMENT_TARGET = 11.2;
				LD_RUNPATH_SEARCH_PATHS = (
					"$(inherited)",
					"@executable_path/Frameworks",
				);
				PRODUCT_BUNDLE_IDENTIFIER = com.app.ch00n;
				PRODUCT_NAME = "$(TARGET_NAME)";
				SWIFT_VERSION = 5.0;
				TARGETED_DEVICE_FAMILY = "1,2";
			};
			name = Release;
		};
		22ECB756242A8560003A9317 /* Debug */ = {
			isa = XCBuildConfiguration;
			baseConfigurationReference = B1416F9C0DC526E3C86EE81C /* Pods-ch00nTests.debug.xcconfig */;
			buildSettings = {
				ALWAYS_EMBED_SWIFT_STANDARD_LIBRARIES = YES;
				BUNDLE_LOADER = "$(TEST_HOST)";
				CODE_SIGN_STYLE = Automatic;
				DEVELOPMENT_TEAM = 79Q9WFF2X8;
				INFOPLIST_FILE = ch00nTests/Info.plist;
				IPHONEOS_DEPLOYMENT_TARGET = 13.2;
				LD_RUNPATH_SEARCH_PATHS = (
					"$(inherited)",
					"@executable_path/Frameworks",
					"@loader_path/Frameworks",
				);
				PRODUCT_BUNDLE_IDENTIFIER = com.app.ch00nTests;
				PRODUCT_NAME = "$(TARGET_NAME)";
				SWIFT_VERSION = 5.0;
				TARGETED_DEVICE_FAMILY = "1,2";
				TEST_HOST = "$(BUILT_PRODUCTS_DIR)/ch00n.app/ch00n";
			};
			name = Debug;
		};
		22ECB757242A8560003A9317 /* Release */ = {
			isa = XCBuildConfiguration;
			baseConfigurationReference = FE62E77AA227BF902F741B95 /* Pods-ch00nTests.release.xcconfig */;
			buildSettings = {
				ALWAYS_EMBED_SWIFT_STANDARD_LIBRARIES = YES;
				BUNDLE_LOADER = "$(TEST_HOST)";
				CODE_SIGN_STYLE = Automatic;
				DEVELOPMENT_TEAM = 79Q9WFF2X8;
				INFOPLIST_FILE = ch00nTests/Info.plist;
				IPHONEOS_DEPLOYMENT_TARGET = 13.2;
				LD_RUNPATH_SEARCH_PATHS = (
					"$(inherited)",
					"@executable_path/Frameworks",
					"@loader_path/Frameworks",
				);
				PRODUCT_BUNDLE_IDENTIFIER = com.app.ch00nTests;
				PRODUCT_NAME = "$(TARGET_NAME)";
				SWIFT_VERSION = 5.0;
				TARGETED_DEVICE_FAMILY = "1,2";
				TEST_HOST = "$(BUILT_PRODUCTS_DIR)/ch00n.app/ch00n";
			};
			name = Release;
		};
/* End XCBuildConfiguration section */

/* Begin XCConfigurationList section */
		22ECB72E242A855C003A9317 /* Build configuration list for PBXProject "ch00n" */ = {
			isa = XCConfigurationList;
			buildConfigurations = (
				22ECB750242A8560003A9317 /* Debug */,
				22ECB751242A8560003A9317 /* Release */,
			);
			defaultConfigurationIsVisible = 0;
			defaultConfigurationName = Release;
		};
		22ECB752242A8560003A9317 /* Build configuration list for PBXNativeTarget "ch00n" */ = {
			isa = XCConfigurationList;
			buildConfigurations = (
				22ECB753242A8560003A9317 /* Debug */,
				22ECB754242A8560003A9317 /* Release */,
			);
			defaultConfigurationIsVisible = 0;
			defaultConfigurationName = Release;
		};
		22ECB755242A8560003A9317 /* Build configuration list for PBXNativeTarget "ch00nTests" */ = {
			isa = XCConfigurationList;
			buildConfigurations = (
				22ECB756242A8560003A9317 /* Debug */,
				22ECB757242A8560003A9317 /* Release */,
			);
			defaultConfigurationIsVisible = 0;
			defaultConfigurationName = Release;
		};
/* End XCConfigurationList section */
	};
	rootObject = 22ECB72B242A855C003A9317 /* Project object */;
}
